Microsoft Visual Studio Solution File, Format Version 12.00
# Visual Studio Version 17
VisualStudioVersion = 17.0.31611.283
MinimumVisualStudioVersion = 10.0.40219.1
Project("{9A19103F-16F7-4668-BE54-9A1E7A4F7556}") = "VocabularySheet.Domain", "VocabularySheet.Domain\VocabularySheet.Domain.csproj", "{C583DCCF-B33F-4AEF-A792-08CE11933BBD}"
EndProject
Project("{9A19103F-16F7-4668-BE54-9A1E7A4F7556}") = "VocabularySheet.Application", "VocabularySheet.Application\VocabularySheet.Application.csproj", "{DD1BA2A9-98D1-4F7C-BDD3-3F50E83A62E5}"
EndProject
Project("{9A19103F-16F7-4668-BE54-9A1E7A4F7556}") = "VocabularySheet.Infrastructure", "VocabularySheet.Infrastructure\VocabularySheet.Infrastructure.csproj", "{A53695D8-30E4-472E-A14B-5194BB8F2A30}"
EndProject
Project("{FAE04EC0-301F-11D3-BF4B-00C04F79EFBC}") = "VocabularySheet.Tests", "VocabularySheet.Tests\VocabularySheet.Tests.csproj", "{04A0DA12-9C1D-4CC0-BD72-0EC3A982EA0E}"
EndProject
Project("{2150E333-8FDC-42A3-9474-1A3956D46DE8}") = "WebSources", "WebSources", "{4CDDEDBE-248E-474F-AB16-8B58F56312B7}"
EndProject
Project("{FAE04EC0-301F-11D3-BF4B-00C04F79EFBC}") = "Sandbox", "Sandbox\Sandbox.csproj", "{F5B1797B-5B16-4367-A46F-648328208908}"
EndProject
Project("{9A19103F-16F7-4668-BE54-9A1E7A4F7556}") = "VocabularySheet.Common", "VocabularySheet.Common\VocabularySheet.Common.csproj", "{0228FBBA-9983-415F-9D6B-E8F6EC1ED9EF}"
EndProject
Project("{9A19103F-16F7-4668-BE54-9A1E7A4F7556}") = "WebSources.CambridgeDictionary", "WebSources\WebSources.CambridgeDictionary\WebSources.CambridgeDictionary.csproj", "{1D53D021-5B08-4B78-B2FB-467E74DFF3E5}"
EndProject
Project("{9A19103F-16F7-4668-BE54-9A1E7A4F7556}") = "WebSources.ReversoContext", "WebSources\WebSources.ReversoContext\WebSources.ReversoContext.csproj", "{BC9DF4CE-764E-43BC-A554-6E72366EF680}"
EndProject
Project("{9A19103F-16F7-4668-BE54-9A1E7A4F7556}") = "WebSources.Common", "WebSources\WebSources.Common\WebSources.Common.csproj", "{3E3E52AC-48D8-4B4C-8BB3-13416AD4A8C7}"
EndProject
Project("{2150E333-8FDC-42A3-9474-1A3956D46DE8}") = "ML", "ML", "{CCF3C3AA-75BC-488F-9AC1-DCB7DA52545A}"
EndProject
Project("{9A19103F-16F7-4668-BE54-9A1E7A4F7556}") = "VocabularySheet.ML.Client", "ML\VocabularySheet.ML.Client\VocabularySheet.ML.Client.csproj", "{07F9BA95-F78C-4E13-A28A-CCB07538A2E6}"
EndProject
Project("{9A19103F-16F7-4668-BE54-9A1E7A4F7556}") = "VocabularySheet.ML.Evaluation", "ML\VocabularySheet.ML.Evaluation\VocabularySheet.ML.Evaluation.csproj", "{6672C43F-A49F-4357-B6C0-634087453CA4}"
EndProject
Project("{9A19103F-16F7-4668-BE54-9A1E7A4F7556}") = "VocabularySheet.ML.Evaluation.App", "ML\VocabularySheet.ML.Evaluation.App\VocabularySheet.ML.Evaluation.App.csproj", "{B44780E7-CC8F-41F4-8436-DC369354CABE}"
EndProject
Project("{FAE04EC0-301F-11D3-BF4B-00C04F79EFBC}") = "VocabularySheet.Maui.AppRunner", "VocabularySheet.Maui.AppRunner\VocabularySheet.Maui.AppRunner.csproj", "{078512CC-DF22-4666-AB18-218BFE046EA5}"
EndProject
Global
	GlobalSection(SolutionConfigurationPlatforms) = preSolution
		Debug|Any CPU = Debug|Any CPU
		Debug|arm64 = Debug|arm64
		Debug|x64 = Debug|x64
		Debug|x86 = Debug|x86
		Release|Any CPU = Release|Any CPU
		Release|arm64 = Release|arm64
		Release|x64 = Release|x64
		Release|x86 = Release|x86
	EndGlobalSection
	GlobalSection(ProjectConfigurationPlatforms) = postSolution
		{C583DCCF-B33F-4AEF-A792-08CE11933BBD}.Debug|Any CPU.ActiveCfg = Debug|Any CPU
		{C583DCCF-B33F-4AEF-A792-08CE11933BBD}.Debug|Any CPU.Build.0 = Debug|Any CPU
		{C583DCCF-B33F-4AEF-A792-08CE11933BBD}.Debug|arm64.ActiveCfg = Debug|Any CPU
		{C583DCCF-B33F-4AEF-A792-08CE11933BBD}.Debug|arm64.Build.0 = Debug|Any CPU
		{C583DCCF-B33F-4AEF-A792-08CE11933BBD}.Debug|x64.ActiveCfg = Debug|Any CPU
		{C583DCCF-B33F-4AEF-A792-08CE11933BBD}.Debug|x64.Build.0 = Debug|Any CPU
		{C583DCCF-B33F-4AEF-A792-08CE11933BBD}.Debug|x86.ActiveCfg = Debug|Any CPU
		{C583DCCF-B33F-4AEF-A792-08CE11933BBD}.Debug|x86.Build.0 = Debug|Any CPU
		{C583DCCF-B33F-4AEF-A792-08CE11933BBD}.Release|Any CPU.ActiveCfg = Release|Any CPU
		{C583DCCF-B33F-4AEF-A792-08CE11933BBD}.Release|Any CPU.Build.0 = Release|Any CPU
		{C583DCCF-B33F-4AEF-A792-08CE11933BBD}.Release|arm64.ActiveCfg = Release|Any CPU
		{C583DCCF-B33F-4AEF-A792-08CE11933BBD}.Release|arm64.Build.0 = Release|Any CPU
		{C583DCCF-B33F-4AEF-A792-08CE11933BBD}.Release|x64.ActiveCfg = Release|Any CPU
		{C583DCCF-B33F-4AEF-A792-08CE11933BBD}.Release|x64.Build.0 = Release|Any CPU
		{C583DCCF-B33F-4AEF-A792-08CE11933BBD}.Release|x86.ActiveCfg = Release|Any CPU
		{C583DCCF-B33F-4AEF-A792-08CE11933BBD}.Release|x86.Build.0 = Release|Any CPU
		{DD1BA2A9-98D1-4F7C-BDD3-3F50E83A62E5}.Debug|Any CPU.ActiveCfg = Debug|Any CPU
		{DD1BA2A9-98D1-4F7C-BDD3-3F50E83A62E5}.Debug|Any CPU.Build.0 = Debug|Any CPU
		{DD1BA2A9-98D1-4F7C-BDD3-3F50E83A62E5}.Debug|arm64.ActiveCfg = Debug|Any CPU
		{DD1BA2A9-98D1-4F7C-BDD3-3F50E83A62E5}.Debug|arm64.Build.0 = Debug|Any CPU
		{DD1BA2A9-98D1-4F7C-BDD3-3F50E83A62E5}.Debug|x64.ActiveCfg = Debug|Any CPU
		{DD1BA2A9-98D1-4F7C-BDD3-3F50E83A62E5}.Debug|x64.Build.0 = Debug|Any CPU
		{DD1BA2A9-98D1-4F7C-BDD3-3F50E83A62E5}.Debug|x86.ActiveCfg = Debug|Any CPU
		{DD1BA2A9-98D1-4F7C-BDD3-3F50E83A62E5}.Debug|x86.Build.0 = Debug|Any CPU
		{DD1BA2A9-98D1-4F7C-BDD3-3F50E83A62E5}.Release|Any CPU.ActiveCfg = Release|Any CPU
		{DD1BA2A9-98D1-4F7C-BDD3-3F50E83A62E5}.Release|Any CPU.Build.0 = Release|Any CPU
		{DD1BA2A9-98D1-4F7C-BDD3-3F50E83A62E5}.Release|arm64.ActiveCfg = Release|Any CPU
		{DD1BA2A9-98D1-4F7C-BDD3-3F50E83A62E5}.Release|arm64.Build.0 = Release|Any CPU
		{DD1BA2A9-98D1-4F7C-BDD3-3F50E83A62E5}.Release|x64.ActiveCfg = Release|Any CPU
		{DD1BA2A9-98D1-4F7C-BDD3-3F50E83A62E5}.Release|x64.Build.0 = Release|Any CPU
		{DD1BA2A9-98D1-4F7C-BDD3-3F50E83A62E5}.Release|x86.ActiveCfg = Release|Any CPU
		{DD1BA2A9-98D1-4F7C-BDD3-3F50E83A62E5}.Release|x86.Build.0 = Release|Any CPU
		{A53695D8-30E4-472E-A14B-5194BB8F2A30}.Debug|Any CPU.ActiveCfg = Debug|Any CPU
		{A53695D8-30E4-472E-A14B-5194BB8F2A30}.Debug|Any CPU.Build.0 = Debug|Any CPU
		{A53695D8-30E4-472E-A14B-5194BB8F2A30}.Debug|arm64.ActiveCfg = Debug|Any CPU
		{A53695D8-30E4-472E-A14B-5194BB8F2A30}.Debug|arm64.Build.0 = Debug|Any CPU
		{A53695D8-30E4-472E-A14B-5194BB8F2A30}.Debug|x64.ActiveCfg = Debug|Any CPU
		{A53695D8-30E4-472E-A14B-5194BB8F2A30}.Debug|x64.Build.0 = Debug|Any CPU
		{A53695D8-30E4-472E-A14B-5194BB8F2A30}.Debug|x86.ActiveCfg = Debug|Any CPU
		{A53695D8-30E4-472E-A14B-5194BB8F2A30}.Debug|x86.Build.0 = Debug|Any CPU
		{A53695D8-30E4-472E-A14B-5194BB8F2A30}.Release|Any CPU.ActiveCfg = Release|Any CPU
		{A53695D8-30E4-472E-A14B-5194BB8F2A30}.Release|Any CPU.Build.0 = Release|Any CPU
		{A53695D8-30E4-472E-A14B-5194BB8F2A30}.Release|arm64.ActiveCfg = Release|Any CPU
		{A53695D8-30E4-472E-A14B-5194BB8F2A30}.Release|arm64.Build.0 = Release|Any CPU
		{A53695D8-30E4-472E-A14B-5194BB8F2A30}.Release|x64.ActiveCfg = Release|Any CPU
		{A53695D8-30E4-472E-A14B-5194BB8F2A30}.Release|x64.Build.0 = Release|Any CPU
		{A53695D8-30E4-472E-A14B-5194BB8F2A30}.Release|x86.ActiveCfg = Release|Any CPU
		{A53695D8-30E4-472E-A14B-5194BB8F2A30}.Release|x86.Build.0 = Release|Any CPU
		{04A0DA12-9C1D-4CC0-BD72-0EC3A982EA0E}.Debug|Any CPU.ActiveCfg = Debug|Any CPU
		{04A0DA12-9C1D-4CC0-BD72-0EC3A982EA0E}.Debug|Any CPU.Build.0 = Debug|Any CPU
		{04A0DA12-9C1D-4CC0-BD72-0EC3A982EA0E}.Debug|arm64.ActiveCfg = Debug|Any CPU
		{04A0DA12-9C1D-4CC0-BD72-0EC3A982EA0E}.Debug|x64.ActiveCfg = Debug|Any CPU
		{04A0DA12-9C1D-4CC0-BD72-0EC3A982EA0E}.Debug|x86.ActiveCfg = Debug|Any CPU
		{04A0DA12-9C1D-4CC0-BD72-0EC3A982EA0E}.Release|Any CPU.ActiveCfg = Release|Any CPU
		{04A0DA12-9C1D-4CC0-BD72-0EC3A982EA0E}.Release|Any CPU.Build.0 = Release|Any CPU
		{04A0DA12-9C1D-4CC0-BD72-0EC3A982EA0E}.Release|arm64.ActiveCfg = Release|Any CPU
		{04A0DA12-9C1D-4CC0-BD72-0EC3A982EA0E}.Release|x64.ActiveCfg = Release|Any CPU
		{04A0DA12-9C1D-4CC0-BD72-0EC3A982EA0E}.Release|x86.ActiveCfg = Release|Any CPU
		{F5B1797B-5B16-4367-A46F-648328208908}.Debug|Any CPU.ActiveCfg = Debug|Any CPU
		{F5B1797B-5B16-4367-A46F-648328208908}.Debug|Any CPU.Build.0 = Debug|Any CPU
		{F5B1797B-5B16-4367-A46F-648328208908}.Debug|arm64.ActiveCfg = Debug|Any CPU
		{F5B1797B-5B16-4367-A46F-648328208908}.Debug|x64.ActiveCfg = Debug|Any CPU
		{F5B1797B-5B16-4367-A46F-648328208908}.Debug|x86.ActiveCfg = Debug|Any CPU
		{F5B1797B-5B16-4367-A46F-648328208908}.Release|Any CPU.ActiveCfg = Release|Any CPU
		{F5B1797B-5B16-4367-A46F-648328208908}.Release|Any CPU.Build.0 = Release|Any CPU
		{F5B1797B-5B16-4367-A46F-648328208908}.Release|arm64.ActiveCfg = Release|Any CPU
		{F5B1797B-5B16-4367-A46F-648328208908}.Release|x64.ActiveCfg = Release|Any CPU
		{F5B1797B-5B16-4367-A46F-648328208908}.Release|x86.ActiveCfg = Release|Any CPU
		{0228FBBA-9983-415F-9D6B-E8F6EC1ED9EF}.Debug|Any CPU.ActiveCfg = Debug|Any CPU
		{0228FBBA-9983-415F-9D6B-E8F6EC1ED9EF}.Debug|Any CPU.Build.0 = Debug|Any CPU
		{0228FBBA-9983-415F-9D6B-E8F6EC1ED9EF}.Debug|arm64.ActiveCfg = Debug|Any CPU
		{0228FBBA-9983-415F-9D6B-E8F6EC1ED9EF}.Debug|arm64.Build.0 = Debug|Any CPU
		{0228FBBA-9983-415F-9D6B-E8F6EC1ED9EF}.Debug|x64.ActiveCfg = Debug|Any CPU
		{0228FBBA-9983-415F-9D6B-E8F6EC1ED9EF}.Debug|x64.Build.0 = Debug|Any CPU
		{0228FBBA-9983-415F-9D6B-E8F6EC1ED9EF}.Debug|x86.ActiveCfg = Debug|Any CPU
		{0228FBBA-9983-415F-9D6B-E8F6EC1ED9EF}.Debug|x86.Build.0 = Debug|Any CPU
		{0228FBBA-9983-415F-9D6B-E8F6EC1ED9EF}.Release|Any CPU.ActiveCfg = Release|Any CPU
		{0228FBBA-9983-415F-9D6B-E8F6EC1ED9EF}.Release|Any CPU.Build.0 = Release|Any CPU
		{0228FBBA-9983-415F-9D6B-E8F6EC1ED9EF}.Release|arm64.ActiveCfg = Release|Any CPU
		{0228FBBA-9983-415F-9D6B-E8F6EC1ED9EF}.Release|arm64.Build.0 = Release|Any CPU
		{0228FBBA-9983-415F-9D6B-E8F6EC1ED9EF}.Release|x64.ActiveCfg = Release|Any CPU
		{0228FBBA-9983-415F-9D6B-E8F6EC1ED9EF}.Release|x64.Build.0 = Release|Any CPU
		{0228FBBA-9983-415F-9D6B-E8F6EC1ED9EF}.Release|x86.ActiveCfg = Release|Any CPU
		{0228FBBA-9983-415F-9D6B-E8F6EC1ED9EF}.Release|x86.Build.0 = Release|Any CPU
		{1D53D021-5B08-4B78-B2FB-467E74DFF3E5}.Debug|Any CPU.ActiveCfg = Debug|Any CPU
		{1D53D021-5B08-4B78-B2FB-467E74DFF3E5}.Debug|Any CPU.Build.0 = Debug|Any CPU
		{1D53D021-5B08-4B78-B2FB-467E74DFF3E5}.Debug|arm64.ActiveCfg = Debug|Any CPU
		{1D53D021-5B08-4B78-B2FB-467E74DFF3E5}.Debug|arm64.Build.0 = Debug|Any CPU
		{1D53D021-5B08-4B78-B2FB-467E74DFF3E5}.Debug|x64.ActiveCfg = Debug|Any CPU
		{1D53D021-5B08-4B78-B2FB-467E74DFF3E5}.Debug|x64.Build.0 = Debug|Any CPU
		{1D53D021-5B08-4B78-B2FB-467E74DFF3E5}.Debug|x86.ActiveCfg = Debug|Any CPU
		{1D53D021-5B08-4B78-B2FB-467E74DFF3E5}.Debug|x86.Build.0 = Debug|Any CPU
		{1D53D021-5B08-4B78-B2FB-467E74DFF3E5}.Release|Any CPU.ActiveCfg = Release|Any CPU
		{1D53D021-5B08-4B78-B2FB-467E74DFF3E5}.Release|Any CPU.Build.0 = Release|Any CPU
		{1D53D021-5B08-4B78-B2FB-467E74DFF3E5}.Release|arm64.ActiveCfg = Release|Any CPU
		{1D53D021-5B08-4B78-B2FB-467E74DFF3E5}.Release|arm64.Build.0 = Release|Any CPU
		{1D53D021-5B08-4B78-B2FB-467E74DFF3E5}.Release|x64.ActiveCfg = Release|Any CPU
		{1D53D021-5B08-4B78-B2FB-467E74DFF3E5}.Release|x64.Build.0 = Release|Any CPU
		{1D53D021-5B08-4B78-B2FB-467E74DFF3E5}.Release|x86.ActiveCfg = Release|Any CPU
		{1D53D021-5B08-4B78-B2FB-467E74DFF3E5}.Release|x86.Build.0 = Release|Any CPU
		{BC9DF4CE-764E-43BC-A554-6E72366EF680}.Debug|Any CPU.ActiveCfg = Debug|Any CPU
		{BC9DF4CE-764E-43BC-A554-6E72366EF680}.Debug|Any CPU.Build.0 = Debug|Any CPU
		{BC9DF4CE-764E-43BC-A554-6E72366EF680}.Debug|arm64.ActiveCfg = Debug|Any CPU
		{BC9DF4CE-764E-43BC-A554-6E72366EF680}.Debug|arm64.Build.0 = Debug|Any CPU
		{BC9DF4CE-764E-43BC-A554-6E72366EF680}.Debug|x64.ActiveCfg = Debug|Any CPU
		{BC9DF4CE-764E-43BC-A554-6E72366EF680}.Debug|x64.Build.0 = Debug|Any CPU
		{BC9DF4CE-764E-43BC-A554-6E72366EF680}.Debug|x86.ActiveCfg = Debug|Any CPU
		{BC9DF4CE-764E-43BC-A554-6E72366EF680}.Debug|x86.Build.0 = Debug|Any CPU
		{BC9DF4CE-764E-43BC-A554-6E72366EF680}.Release|Any CPU.ActiveCfg = Release|Any CPU
		{BC9DF4CE-764E-43BC-A554-6E72366EF680}.Release|Any CPU.Build.0 = Release|Any CPU
		{BC9DF4CE-764E-43BC-A554-6E72366EF680}.Release|arm64.ActiveCfg = Release|Any CPU
		{BC9DF4CE-764E-43BC-A554-6E72366EF680}.Release|arm64.Build.0 = Release|Any CPU
		{BC9DF4CE-764E-43BC-A554-6E72366EF680}.Release|x64.ActiveCfg = Release|Any CPU
		{BC9DF4CE-764E-43BC-A554-6E72366EF680}.Release|x64.Build.0 = Release|Any CPU
		{BC9DF4CE-764E-43BC-A554-6E72366EF680}.Release|x86.ActiveCfg = Release|Any CPU
		{BC9DF4CE-764E-43BC-A554-6E72366EF680}.Release|x86.Build.0 = Release|Any CPU
		{3E3E52AC-48D8-4B4C-8BB3-13416AD4A8C7}.Debug|Any CPU.ActiveCfg = Debug|Any CPU
		{3E3E52AC-48D8-4B4C-8BB3-13416AD4A8C7}.Debug|Any CPU.Build.0 = Debug|Any CPU
		{3E3E52AC-48D8-4B4C-8BB3-13416AD4A8C7}.Debug|arm64.ActiveCfg = Debug|Any CPU
		{3E3E52AC-48D8-4B4C-8BB3-13416AD4A8C7}.Debug|arm64.Build.0 = Debug|Any CPU
		{3E3E52AC-48D8-4B4C-8BB3-13416AD4A8C7}.Debug|x64.ActiveCfg = Debug|Any CPU
		{3E3E52AC-48D8-4B4C-8BB3-13416AD4A8C7}.Debug|x64.Build.0 = Debug|Any CPU
		{3E3E52AC-48D8-4B4C-8BB3-13416AD4A8C7}.Debug|x86.ActiveCfg = Debug|Any CPU
		{3E3E52AC-48D8-4B4C-8BB3-13416AD4A8C7}.Debug|x86.Build.0 = Debug|Any CPU
		{3E3E52AC-48D8-4B4C-8BB3-13416AD4A8C7}.Release|Any CPU.ActiveCfg = Release|Any CPU
		{3E3E52AC-48D8-4B4C-8BB3-13416AD4A8C7}.Release|Any CPU.Build.0 = Release|Any CPU
		{3E3E52AC-48D8-4B4C-8BB3-13416AD4A8C7}.Release|arm64.ActiveCfg = Release|Any CPU
		{3E3E52AC-48D8-4B4C-8BB3-13416AD4A8C7}.Release|arm64.Build.0 = Release|Any CPU
		{3E3E52AC-48D8-4B4C-8BB3-13416AD4A8C7}.Release|x64.ActiveCfg = Release|Any CPU
		{3E3E52AC-48D8-4B4C-8BB3-13416AD4A8C7}.Release|x64.Build.0 = Release|Any CPU
		{3E3E52AC-48D8-4B4C-8BB3-13416AD4A8C7}.Release|x86.ActiveCfg = Release|Any CPU
		{3E3E52AC-48D8-4B4C-8BB3-13416AD4A8C7}.Release|x86.Build.0 = Release|Any CPU
		{07F9BA95-F78C-4E13-A28A-CCB07538A2E6}.Debug|Any CPU.ActiveCfg = Debug|Any CPU
		{07F9BA95-F78C-4E13-A28A-CCB07538A2E6}.Debug|Any CPU.Build.0 = Debug|Any CPU
		{07F9BA95-F78C-4E13-A28A-CCB07538A2E6}.Debug|arm64.ActiveCfg = Debug|Any CPU
		{07F9BA95-F78C-4E13-A28A-CCB07538A2E6}.Debug|arm64.Build.0 = Debug|Any CPU
		{07F9BA95-F78C-4E13-A28A-CCB07538A2E6}.Debug|x64.ActiveCfg = Debug|Any CPU
		{07F9BA95-F78C-4E13-A28A-CCB07538A2E6}.Debug|x64.Build.0 = Debug|Any CPU
		{07F9BA95-F78C-4E13-A28A-CCB07538A2E6}.Debug|x86.ActiveCfg = Debug|Any CPU
		{07F9BA95-F78C-4E13-A28A-CCB07538A2E6}.Debug|x86.Build.0 = Debug|Any CPU
		{07F9BA95-F78C-4E13-A28A-CCB07538A2E6}.Release|Any CPU.ActiveCfg = Release|Any CPU
		{07F9BA95-F78C-4E13-A28A-CCB07538A2E6}.Release|Any CPU.Build.0 = Release|Any CPU
		{07F9BA95-F78C-4E13-A28A-CCB07538A2E6}.Release|arm64.ActiveCfg = Release|Any CPU
		{07F9BA95-F78C-4E13-A28A-CCB07538A2E6}.Release|arm64.Build.0 = Release|Any CPU
		{07F9BA95-F78C-4E13-A28A-CCB07538A2E6}.Release|x64.ActiveCfg = Release|Any CPU
		{07F9BA95-F78C-4E13-A28A-CCB07538A2E6}.Release|x64.Build.0 = Release|Any CPU
		{07F9BA95-F78C-4E13-A28A-CCB07538A2E6}.Release|x86.ActiveCfg = Release|Any CPU
		{07F9BA95-F78C-4E13-A28A-CCB07538A2E6}.Release|x86.Build.0 = Release|Any CPU
		{6672C43F-A49F-4357-B6C0-634087453CA4}.Debug|Any CPU.ActiveCfg = Debug|Any CPU
		{6672C43F-A49F-4357-B6C0-634087453CA4}.Debug|Any CPU.Build.0 = Debug|Any CPU
		{6672C43F-A49F-4357-B6C0-634087453CA4}.Debug|arm64.ActiveCfg = Debug|Any CPU
		{6672C43F-A49F-4357-B6C0-634087453CA4}.Debug|arm64.Build.0 = Debug|Any CPU
		{6672C43F-A49F-4357-B6C0-634087453CA4}.Debug|x64.ActiveCfg = Debug|Any CPU
		{6672C43F-A49F-4357-B6C0-634087453CA4}.Debug|x64.Build.0 = Debug|Any CPU
		{6672C43F-A49F-4357-B6C0-634087453CA4}.Debug|x86.ActiveCfg = Debug|Any CPU
		{6672C43F-A49F-4357-B6C0-634087453CA4}.Debug|x86.Build.0 = Debug|Any CPU
		{6672C43F-A49F-4357-B6C0-634087453CA4}.Release|Any CPU.ActiveCfg = Release|Any CPU
		{6672C43F-A49F-4357-B6C0-634087453CA4}.Release|Any CPU.Build.0 = Release|Any CPU
		{6672C43F-A49F-4357-B6C0-634087453CA4}.Release|arm64.ActiveCfg = Release|Any CPU
		{6672C43F-A49F-4357-B6C0-634087453CA4}.Release|arm64.Build.0 = Release|Any CPU
		{6672C43F-A49F-4357-B6C0-634087453CA4}.Release|x64.ActiveCfg = Release|Any CPU
		{6672C43F-A49F-4357-B6C0-634087453CA4}.Release|x64.Build.0 = Release|Any CPU
		{6672C43F-A49F-4357-B6C0-634087453CA4}.Release|x86.ActiveCfg = Release|Any CPU
		{6672C43F-A49F-4357-B6C0-634087453CA4}.Release|x86.Build.0 = Release|Any CPU
		{B44780E7-CC8F-41F4-8436-DC369354CABE}.Debug|Any CPU.ActiveCfg = Debug|x64
		{B44780E7-CC8F-41F4-8436-DC369354CABE}.Debug|Any CPU.Build.0 = Debug|x64
		{B44780E7-CC8F-41F4-8436-DC369354CABE}.Debug|Any CPU.Deploy.0 = Debug|x64
		{B44780E7-CC8F-41F4-8436-DC369354CABE}.Debug|arm64.ActiveCfg = Debug|arm64
		{B44780E7-CC8F-41F4-8436-DC369354CABE}.Debug|arm64.Build.0 = Debug|arm64
		{B44780E7-CC8F-41F4-8436-DC369354CABE}.Debug|arm64.Deploy.0 = Debug|arm64
		{B44780E7-CC8F-41F4-8436-DC369354CABE}.Debug|x64.ActiveCfg = Debug|x64
		{B44780E7-CC8F-41F4-8436-DC369354CABE}.Debug|x64.Build.0 = Debug|x64
		{B44780E7-CC8F-41F4-8436-DC369354CABE}.Debug|x64.Deploy.0 = Debug|x64
		{B44780E7-CC8F-41F4-8436-DC369354CABE}.Debug|x86.ActiveCfg = Debug|x86
		{B44780E7-CC8F-41F4-8436-DC369354CABE}.Debug|x86.Build.0 = Debug|x86
		{B44780E7-CC8F-41F4-8436-DC369354CABE}.Debug|x86.Deploy.0 = Debug|x86
		{B44780E7-CC8F-41F4-8436-DC369354CABE}.Release|Any CPU.ActiveCfg = Release|x64
		{B44780E7-CC8F-41F4-8436-DC369354CABE}.Release|Any CPU.Build.0 = Release|x64
		{B44780E7-CC8F-41F4-8436-DC369354CABE}.Release|Any CPU.Deploy.0 = Release|x64
		{B44780E7-CC8F-41F4-8436-DC369354CABE}.Release|arm64.ActiveCfg = Release|arm64
		{B44780E7-CC8F-41F4-8436-DC369354CABE}.Release|arm64.Build.0 = Release|arm64
		{B44780E7-CC8F-41F4-8436-DC369354CABE}.Release|arm64.Deploy.0 = Release|arm64
		{B44780E7-CC8F-41F4-8436-DC369354CABE}.Release|x64.ActiveCfg = Release|x64
		{B44780E7-CC8F-41F4-8436-DC369354CABE}.Release|x64.Build.0 = Release|x64
		{B44780E7-CC8F-41F4-8436-DC369354CABE}.Release|x64.Deploy.0 = Release|x64
		{B44780E7-CC8F-41F4-8436-DC369354CABE}.Release|x86.ActiveCfg = Release|x86
		{B44780E7-CC8F-41F4-8436-DC369354CABE}.Release|x86.Build.0 = Release|x86
		{B44780E7-CC8F-41F4-8436-DC369354CABE}.Release|x86.Deploy.0 = Release|x86
		{078512CC-DF22-4666-AB18-218BFE046EA5}.Debug|Any CPU.ActiveCfg = Debug|Any CPU
		{078512CC-DF22-4666-AB18-218BFE046EA5}.Debug|Any CPU.Build.0 = Debug|Any CPU
		{078512CC-DF22-4666-AB18-218BFE046EA5}.Debug|arm64.ActiveCfg = Debug|Any CPU
		{078512CC-DF22-4666-AB18-218BFE046EA5}.Debug|arm64.Build.0 = Debug|Any CPU
		{078512CC-DF22-4666-AB18-218BFE046EA5}.Debug|x64.ActiveCfg = Debug|Any CPU
		{078512CC-DF22-4666-AB18-218BFE046EA5}.Debug|x64.Build.0 = Debug|Any CPU
		{078512CC-DF22-4666-AB18-218BFE046EA5}.Debug|x86.ActiveCfg = Debug|Any CPU
		{078512CC-DF22-4666-AB18-218BFE046EA5}.Debug|x86.Build.0 = Debug|Any CPU
		{078512CC-DF22-4666-AB18-218BFE046EA5}.Release|Any CPU.ActiveCfg = Release|Any CPU
		{078512CC-DF22-4666-AB18-218BFE046EA5}.Release|Any CPU.Build.0 = Release|Any CPU
		{078512CC-DF22-4666-AB18-218BFE046EA5}.Release|arm64.ActiveCfg = Release|Any CPU
		{078512CC-DF22-4666-AB18-218BFE046EA5}.Release|arm64.Build.0 = Release|Any CPU
		{078512CC-DF22-4666-AB18-218BFE046EA5}.Release|x64.ActiveCfg = Release|Any CPU
		{078512CC-DF22-4666-AB18-218BFE046EA5}.Release|x64.Build.0 = Release|Any CPU
		{078512CC-DF22-4666-AB18-218BFE046EA5}.Release|x86.ActiveCfg = Release|Any CPU
		{078512CC-DF22-4666-AB18-218BFE046EA5}.Release|x86.Build.0 = Release|Any CPU
	EndGlobalSection
	GlobalSection(SolutionProperties) = preSolution
		HideSolutionNode = FALSE
	EndGlobalSection
	GlobalSection(NestedProjects) = preSolution
		{1D53D021-5B08-4B78-B2FB-467E74DFF3E5} = {4CDDEDBE-248E-474F-AB16-8B58F56312B7}
		{BC9DF4CE-764E-43BC-A554-6E72366EF680} = {4CDDEDBE-248E-474F-AB16-8B58F56312B7}
		{3E3E52AC-48D8-4B4C-8BB3-13416AD4A8C7} = {4CDDEDBE-248E-474F-AB16-8B58F56312B7}
		{07F9BA95-F78C-4E13-A28A-CCB07538A2E6} = {CCF3C3AA-75BC-488F-9AC1-DCB7DA52545A}
		{6672C43F-A49F-4357-B6C0-634087453CA4} = {CCF3C3AA-75BC-488F-9AC1-DCB7DA52545A}
		{B44780E7-CC8F-41F4-8436-DC369354CABE} = {CCF3C3AA-75BC-488F-9AC1-DCB7DA52545A}
	EndGlobalSection
	GlobalSection(ExtensibilityGlobals) = postSolution
		SolutionGuid = {0B543622-8983-49AE-9922-E9B313640D98}
	EndGlobalSection
EndGlobal
