
Microsoft Visual Studio Solution File, Format Version 12.00
# Visual Studio Version 17
VisualStudioVersion = 17.9.34728.123
MinimumVisualStudioVersion = 10.0.40219.1
Project("{2150E333-8FDC-42A3-9474-1A3956D46DE8}") = "Apps", "Apps", "{B1F2C57D-7F84-4A46-B5DE-96809E41DBCD}"
EndProject
Project("{FAE04EC0-301F-11D3-BF4B-00C04F79EFBC}") = "Apps.MauiRunner", "Apps\Apps.MauiRunner\Apps.MauiRunner.csproj", "{0577B4D7-086B-486B-AEED-09731E18B86F}"
EndProject
Project("{2150E333-8FDC-42A3-9474-1A3956D46DE8}") = "Tools", "Tools", "{DA160AA8-5AE2-4ED1-BD93-0E336586042E}"
EndProject
Project("{FAE04EC0-301F-11D3-BF4B-00C04F79EFBC}") = "Tools.Common", "Tools\Tools.Common\Tools.Common.csproj", "{E124E2C4-DE3E-4D89-B148-6FE52780E937}"
EndProject
Project("{FAE04EC0-301F-11D3-BF4B-00C04F79EFBC}") = "Tools.Parsers", "Tools\Tools.Parsers\Tools.Parsers.csproj", "{7E7B3210-56A0-4B07-AD95-FA85A882CE77}"
EndProject
Project("{FAE04EC0-301F-11D3-BF4B-00C04F79EFBC}") = "Tools.Http", "Tools\Tools.Http\Tools.Http.csproj", "{D4D00E16-1B54-4795-80D9-1ACBF01CC9BA}"
EndProject
Project("{2150E333-8FDC-42A3-9474-1A3956D46DE8}") = "Domain", "Domain", "{7BB29CE6-414B-465A-B631-EDA52A933D33}"
EndProject
Project("{FAE04EC0-301F-11D3-BF4B-00C04F79EFBC}") = "Domain.Common", "Domain\Domain.Common\Domain.Common.csproj", "{284D7DE5-CCDB-4C77-95F9-5798ACC87E77}"
EndProject
Project("{FAE04EC0-301F-11D3-BF4B-00C04F79EFBC}") = "Domain.WordModels", "Domain\Domain.WordModels\Domain.WordModels.csproj", "{57A07B11-8580-47B9-80C4-4A19A8653BFA}"
EndProject
Project("{FAE04EC0-301F-11D3-BF4B-00C04F79EFBC}") = "Tools.Validations", "Tools\Tools.Validations\Tools.Validations.csproj", "{C83D3C3A-DA8F-4ED6-B162-14D500193D1A}"
EndProject
Project("{FAE04EC0-301F-11D3-BF4B-00C04F79EFBC}") = "Domain.Localization", "Domain\Domain.Localization\Domain.Localization.csproj", "{40EFCCB6-B538-4E3B-8ADD-5317A5EA2582}"
EndProject
Project("{FAE04EC0-301F-11D3-BF4B-00C04F79EFBC}") = "Domain.WebSources", "Domain\Domain.WebSources\Domain.WebSources.csproj", "{A7F8E8F4-5AD1-4626-B68A-367F163D34BA}"
EndProject
Project("{2150E333-8FDC-42A3-9474-1A3956D46DE8}") = "WebSources", "WebSources", "{41F26589-5773-4D06-A1F3-AC62B9600D32}"
EndProject
Project("{FAE04EC0-301F-11D3-BF4B-00C04F79EFBC}") = "WebSources.Common", "WebSources\WebSources.Common\WebSources.Common.csproj", "{714A334E-D98C-432F-A52C-DEDF1F823EA5}"
EndProject
Project("{FAE04EC0-301F-11D3-BF4B-00C04F79EFBC}") = "WebSources.Linker", "WebSources\WebSources.Linker\WebSources.Linker.csproj", "{882C3E70-6DD4-46D2-B3DC-8298F4F1EBBF}"
EndProject
Project("{FAE04EC0-301F-11D3-BF4B-00C04F79EFBC}") = "WebSources.CambridgeDictionary", "WebSources\WebSources.CambridgeDictionary\WebSources.CambridgeDictionary.csproj", "{7A053F26-0804-4600-8616-5A10EB0B6CD7}"
EndProject
Project("{FAE04EC0-301F-11D3-BF4B-00C04F79EFBC}") = "WebSources.ReversoContext", "WebSources\WebSources.ReversoContext\WebSources.ReversoContext.csproj", "{C10F7D5D-AA03-45F1-AE06-D5CEAFD2F460}"
EndProject
Project("{2150E333-8FDC-42A3-9474-1A3956D46DE8}") = "ML", "ML", "{D3E83B1A-1C94-4FC6-A450-521D62FF831C}"
EndProject
Project("{FAE04EC0-301F-11D3-BF4B-00C04F79EFBC}") = "ML.Predictor", "ML\ML.Predictor\ML.Predictor.csproj", "{EC1A2BC0-ADF0-4D19-96AD-2286B6772F72}"
EndProject
Project("{FAE04EC0-301F-11D3-BF4B-00C04F79EFBC}") = "ML.Trainer", "ML\ML.Trainer\ML.Trainer.csproj", "{9A65044D-BED0-48ED-BA72-4DA0C6A0DBC0}"
EndProject
Project("{9A19103F-16F7-4668-BE54-9A1E7A4F7556}") = "Apps.MLTrainerRunner", "Apps\Apps.MLTrainerRunner\Apps.MLTrainerRunner.csproj", "{3320A024-464E-4C6E-82C1-811665E6D6CB}"
EndProject
Project("{2150E333-8FDC-42A3-9474-1A3956D46DE8}") = "Infrastructure", "Infrastructure", "{9A04B130-1C9C-4830-B412-9E8A2BAA0FD1}"
EndProject
Project("{2150E333-8FDC-42A3-9474-1A3956D46DE8}") = "Application", "Application", "{A1E5FD01-F594-4FB7-9822-DF433584A47C}"
EndProject
Project("{FAE04EC0-301F-11D3-BF4B-00C04F79EFBC}") = "Application.Common", "Application\Application.Common\Application.Common.csproj", "{B0A42D12-1CB5-48F7-A4D6-CF112483C9BA}"
EndProject
Project("{FAE04EC0-301F-11D3-BF4B-00C04F79EFBC}") = "Apps.WebApi", "Apps\Apps.WebApi\Apps.WebApi.csproj", "{8D5E1388-432B-4153-87C3-0CF94BF8705E}"
EndProject
Project("{FAE04EC0-301F-11D3-BF4B-00C04F79EFBC}") = "Infrastructure.Data", "Infrastructure\Infrastructure.Data\Infrastructure.Data.csproj", "{F718ABB1-95D9-4320-944E-E0352FFE867E}"
EndProject
Global
	GlobalSection(SolutionConfigurationPlatforms) = preSolution
		Debug|Any CPU = Debug|Any CPU
		Release|Any CPU = Release|Any CPU
	EndGlobalSection
	GlobalSection(ProjectConfigurationPlatforms) = postSolution
		{0577B4D7-086B-486B-AEED-09731E18B86F}.Debug|Any CPU.ActiveCfg = Debug|Any CPU
		{0577B4D7-086B-486B-AEED-09731E18B86F}.Debug|Any CPU.Build.0 = Debug|Any CPU
		{0577B4D7-086B-486B-AEED-09731E18B86F}.Debug|Any CPU.Deploy.0 = Debug|Any CPU
		{0577B4D7-086B-486B-AEED-09731E18B86F}.Release|Any CPU.ActiveCfg = Release|Any CPU
		{0577B4D7-086B-486B-AEED-09731E18B86F}.Release|Any CPU.Build.0 = Release|Any CPU
		{0577B4D7-086B-486B-AEED-09731E18B86F}.Release|Any CPU.Deploy.0 = Release|Any CPU
		{E124E2C4-DE3E-4D89-B148-6FE52780E937}.Debug|Any CPU.ActiveCfg = Debug|Any CPU
		{E124E2C4-DE3E-4D89-B148-6FE52780E937}.Debug|Any CPU.Build.0 = Debug|Any CPU
		{E124E2C4-DE3E-4D89-B148-6FE52780E937}.Release|Any CPU.ActiveCfg = Release|Any CPU
		{E124E2C4-DE3E-4D89-B148-6FE52780E937}.Release|Any CPU.Build.0 = Release|Any CPU
		{7E7B3210-56A0-4B07-AD95-FA85A882CE77}.Debug|Any CPU.ActiveCfg = Debug|Any CPU
		{7E7B3210-56A0-4B07-AD95-FA85A882CE77}.Debug|Any CPU.Build.0 = Debug|Any CPU
		{7E7B3210-56A0-4B07-AD95-FA85A882CE77}.Release|Any CPU.ActiveCfg = Release|Any CPU
		{7E7B3210-56A0-4B07-AD95-FA85A882CE77}.Release|Any CPU.Build.0 = Release|Any CPU
		{D4D00E16-1B54-4795-80D9-1ACBF01CC9BA}.Debug|Any CPU.ActiveCfg = Debug|Any CPU
		{D4D00E16-1B54-4795-80D9-1ACBF01CC9BA}.Debug|Any CPU.Build.0 = Debug|Any CPU
		{D4D00E16-1B54-4795-80D9-1ACBF01CC9BA}.Release|Any CPU.ActiveCfg = Release|Any CPU
		{D4D00E16-1B54-4795-80D9-1ACBF01CC9BA}.Release|Any CPU.Build.0 = Release|Any CPU
		{284D7DE5-CCDB-4C77-95F9-5798ACC87E77}.Debug|Any CPU.ActiveCfg = Debug|Any CPU
		{284D7DE5-CCDB-4C77-95F9-5798ACC87E77}.Debug|Any CPU.Build.0 = Debug|Any CPU
		{284D7DE5-CCDB-4C77-95F9-5798ACC87E77}.Release|Any CPU.ActiveCfg = Release|Any CPU
		{284D7DE5-CCDB-4C77-95F9-5798ACC87E77}.Release|Any CPU.Build.0 = Release|Any CPU
		{57A07B11-8580-47B9-80C4-4A19A8653BFA}.Debug|Any CPU.ActiveCfg = Debug|Any CPU
		{57A07B11-8580-47B9-80C4-4A19A8653BFA}.Debug|Any CPU.Build.0 = Debug|Any CPU
		{57A07B11-8580-47B9-80C4-4A19A8653BFA}.Release|Any CPU.ActiveCfg = Release|Any CPU
		{57A07B11-8580-47B9-80C4-4A19A8653BFA}.Release|Any CPU.Build.0 = Release|Any CPU
		{C83D3C3A-DA8F-4ED6-B162-14D500193D1A}.Debug|Any CPU.ActiveCfg = Debug|Any CPU
		{C83D3C3A-DA8F-4ED6-B162-14D500193D1A}.Debug|Any CPU.Build.0 = Debug|Any CPU
		{C83D3C3A-DA8F-4ED6-B162-14D500193D1A}.Release|Any CPU.ActiveCfg = Release|Any CPU
		{C83D3C3A-DA8F-4ED6-B162-14D500193D1A}.Release|Any CPU.Build.0 = Release|Any CPU
		{40EFCCB6-B538-4E3B-8ADD-5317A5EA2582}.Debug|Any CPU.ActiveCfg = Debug|Any CPU
		{40EFCCB6-B538-4E3B-8ADD-5317A5EA2582}.Debug|Any CPU.Build.0 = Debug|Any CPU
		{40EFCCB6-B538-4E3B-8ADD-5317A5EA2582}.Release|Any CPU.ActiveCfg = Release|Any CPU
		{40EFCCB6-B538-4E3B-8ADD-5317A5EA2582}.Release|Any CPU.Build.0 = Release|Any CPU
		{A7F8E8F4-5AD1-4626-B68A-367F163D34BA}.Debug|Any CPU.ActiveCfg = Debug|Any CPU
		{A7F8E8F4-5AD1-4626-B68A-367F163D34BA}.Debug|Any CPU.Build.0 = Debug|Any CPU
		{A7F8E8F4-5AD1-4626-B68A-367F163D34BA}.Release|Any CPU.ActiveCfg = Release|Any CPU
		{A7F8E8F4-5AD1-4626-B68A-367F163D34BA}.Release|Any CPU.Build.0 = Release|Any CPU
		{714A334E-D98C-432F-A52C-DEDF1F823EA5}.Debug|Any CPU.ActiveCfg = Debug|Any CPU
		{714A334E-D98C-432F-A52C-DEDF1F823EA5}.Debug|Any CPU.Build.0 = Debug|Any CPU
		{714A334E-D98C-432F-A52C-DEDF1F823EA5}.Release|Any CPU.ActiveCfg = Release|Any CPU
		{714A334E-D98C-432F-A52C-DEDF1F823EA5}.Release|Any CPU.Build.0 = Release|Any CPU
		{882C3E70-6DD4-46D2-B3DC-8298F4F1EBBF}.Debug|Any CPU.ActiveCfg = Debug|Any CPU
		{882C3E70-6DD4-46D2-B3DC-8298F4F1EBBF}.Debug|Any CPU.Build.0 = Debug|Any CPU
		{882C3E70-6DD4-46D2-B3DC-8298F4F1EBBF}.Release|Any CPU.ActiveCfg = Release|Any CPU
		{882C3E70-6DD4-46D2-B3DC-8298F4F1EBBF}.Release|Any CPU.Build.0 = Release|Any CPU
		{7A053F26-0804-4600-8616-5A10EB0B6CD7}.Debug|Any CPU.ActiveCfg = Debug|Any CPU
		{7A053F26-0804-4600-8616-5A10EB0B6CD7}.Debug|Any CPU.Build.0 = Debug|Any CPU
		{7A053F26-0804-4600-8616-5A10EB0B6CD7}.Release|Any CPU.ActiveCfg = Release|Any CPU
		{7A053F26-0804-4600-8616-5A10EB0B6CD7}.Release|Any CPU.Build.0 = Release|Any CPU
		{C10F7D5D-AA03-45F1-AE06-D5CEAFD2F460}.Debug|Any CPU.ActiveCfg = Debug|Any CPU
		{C10F7D5D-AA03-45F1-AE06-D5CEAFD2F460}.Debug|Any CPU.Build.0 = Debug|Any CPU
		{C10F7D5D-AA03-45F1-AE06-D5CEAFD2F460}.Release|Any CPU.ActiveCfg = Release|Any CPU
		{C10F7D5D-AA03-45F1-AE06-D5CEAFD2F460}.Release|Any CPU.Build.0 = Release|Any CPU
		{EC1A2BC0-ADF0-4D19-96AD-2286B6772F72}.Debug|Any CPU.ActiveCfg = Debug|Any CPU
		{EC1A2BC0-ADF0-4D19-96AD-2286B6772F72}.Debug|Any CPU.Build.0 = Debug|Any CPU
		{EC1A2BC0-ADF0-4D19-96AD-2286B6772F72}.Release|Any CPU.ActiveCfg = Release|Any CPU
		{EC1A2BC0-ADF0-4D19-96AD-2286B6772F72}.Release|Any CPU.Build.0 = Release|Any CPU
		{9A65044D-BED0-48ED-BA72-4DA0C6A0DBC0}.Debug|Any CPU.ActiveCfg = Debug|Any CPU
		{9A65044D-BED0-48ED-BA72-4DA0C6A0DBC0}.Debug|Any CPU.Build.0 = Debug|Any CPU
		{9A65044D-BED0-48ED-BA72-4DA0C6A0DBC0}.Release|Any CPU.ActiveCfg = Release|Any CPU
		{9A65044D-BED0-48ED-BA72-4DA0C6A0DBC0}.Release|Any CPU.Build.0 = Release|Any CPU
		{3320A024-464E-4C6E-82C1-811665E6D6CB}.Debug|Any CPU.ActiveCfg = Debug|x86
		{3320A024-464E-4C6E-82C1-811665E6D6CB}.Debug|Any CPU.Build.0 = Debug|x86
		{3320A024-464E-4C6E-82C1-811665E6D6CB}.Release|Any CPU.ActiveCfg = Release|x86
		{3320A024-464E-4C6E-82C1-811665E6D6CB}.Release|Any CPU.Build.0 = Release|x86
		{B0A42D12-1CB5-48F7-A4D6-CF112483C9BA}.Debug|Any CPU.ActiveCfg = Debug|Any CPU
		{B0A42D12-1CB5-48F7-A4D6-CF112483C9BA}.Debug|Any CPU.Build.0 = Debug|Any CPU
		{B0A42D12-1CB5-48F7-A4D6-CF112483C9BA}.Release|Any CPU.ActiveCfg = Release|Any CPU
		{B0A42D12-1CB5-48F7-A4D6-CF112483C9BA}.Release|Any CPU.Build.0 = Release|Any CPU
		{8D5E1388-432B-4153-87C3-0CF94BF8705E}.Debug|Any CPU.ActiveCfg = Debug|Any CPU
		{8D5E1388-432B-4153-87C3-0CF94BF8705E}.Debug|Any CPU.Build.0 = Debug|Any CPU
		{8D5E1388-432B-4153-87C3-0CF94BF8705E}.Release|Any CPU.ActiveCfg = Release|Any CPU
		{8D5E1388-432B-4153-87C3-0CF94BF8705E}.Release|Any CPU.Build.0 = Release|Any CPU
		{F718ABB1-95D9-4320-944E-E0352FFE867E}.Debug|Any CPU.ActiveCfg = Debug|Any CPU
		{F718ABB1-95D9-4320-944E-E0352FFE867E}.Debug|Any CPU.Build.0 = Debug|Any CPU
		{F718ABB1-95D9-4320-944E-E0352FFE867E}.Release|Any CPU.ActiveCfg = Release|Any CPU
		{F718ABB1-95D9-4320-944E-E0352FFE867E}.Release|Any CPU.Build.0 = Release|Any CPU
	EndGlobalSection
	GlobalSection(SolutionProperties) = preSolution
		HideSolutionNode = FALSE
	EndGlobalSection
	GlobalSection(NestedProjects) = preSolution
		{0577B4D7-086B-486B-AEED-09731E18B86F} = {B1F2C57D-7F84-4A46-B5DE-96809E41DBCD}
		{E124E2C4-DE3E-4D89-B148-6FE52780E937} = {DA160AA8-5AE2-4ED1-BD93-0E336586042E}
		{7E7B3210-56A0-4B07-AD95-FA85A882CE77} = {DA160AA8-5AE2-4ED1-BD93-0E336586042E}
		{D4D00E16-1B54-4795-80D9-1ACBF01CC9BA} = {DA160AA8-5AE2-4ED1-BD93-0E336586042E}
		{284D7DE5-CCDB-4C77-95F9-5798ACC87E77} = {7BB29CE6-414B-465A-B631-EDA52A933D33}
		{57A07B11-8580-47B9-80C4-4A19A8653BFA} = {7BB29CE6-414B-465A-B631-EDA52A933D33}
		{C83D3C3A-DA8F-4ED6-B162-14D500193D1A} = {DA160AA8-5AE2-4ED1-BD93-0E336586042E}
		{40EFCCB6-B538-4E3B-8ADD-5317A5EA2582} = {7BB29CE6-414B-465A-B631-EDA52A933D33}
		{A7F8E8F4-5AD1-4626-B68A-367F163D34BA} = {7BB29CE6-414B-465A-B631-EDA52A933D33}
		{714A334E-D98C-432F-A52C-DEDF1F823EA5} = {41F26589-5773-4D06-A1F3-AC62B9600D32}
		{882C3E70-6DD4-46D2-B3DC-8298F4F1EBBF} = {41F26589-5773-4D06-A1F3-AC62B9600D32}
		{7A053F26-0804-4600-8616-5A10EB0B6CD7} = {41F26589-5773-4D06-A1F3-AC62B9600D32}
		{C10F7D5D-AA03-45F1-AE06-D5CEAFD2F460} = {41F26589-5773-4D06-A1F3-AC62B9600D32}
		{EC1A2BC0-ADF0-4D19-96AD-2286B6772F72} = {D3E83B1A-1C94-4FC6-A450-521D62FF831C}
		{9A65044D-BED0-48ED-BA72-4DA0C6A0DBC0} = {D3E83B1A-1C94-4FC6-A450-521D62FF831C}
		{3320A024-464E-4C6E-82C1-811665E6D6CB} = {B1F2C57D-7F84-4A46-B5DE-96809E41DBCD}
		{B0A42D12-1CB5-48F7-A4D6-CF112483C9BA} = {A1E5FD01-F594-4FB7-9822-DF433584A47C}
		{8D5E1388-432B-4153-87C3-0CF94BF8705E} = {B1F2C57D-7F84-4A46-B5DE-96809E41DBCD}
		{F718ABB1-95D9-4320-944E-E0352FFE867E} = {9A04B130-1C9C-4830-B412-9E8A2BAA0FD1}
	EndGlobalSection
	GlobalSection(ExtensibilityGlobals) = postSolution
		SolutionGuid = {5C2E1E45-0E2E-4CBB-8590-A77411726170}
	EndGlobalSection
EndGlobal
