Microsoft Visual Studio Solution File, Format Version 12.00
# Visual Studio Version 17
VisualStudioVersion = 17.0.31611.283
MinimumVisualStudioVersion = 10.0.40219.1
Project("{9A19103F-16F7-4668-BE54-9A1E7A4F7556}") = "VocabularySheet.Domain", "VocabularySheet.Domain\VocabularySheet.Domain.csproj", "{C583DCCF-B33F-4AEF-A792-08CE11933BBD}"
EndProject
Project("{9A19103F-16F7-4668-BE54-9A1E7A4F7556}") = "VocabularySheet.Application", "VocabularySheet.Application\VocabularySheet.Application.csproj", "{DD1BA2A9-98D1-4F7C-BDD3-3F50E83A62E5}"
EndProject
Project("{9A19103F-16F7-4668-BE54-9A1E7A4F7556}") = "VocabularySheet.Infrastructure", "VocabularySheet.Infrastructure\VocabularySheet.Infrastructure.csproj", "{A53695D8-30E4-472E-A14B-5194BB8F2A30}"
EndProject
Project("{FAE04EC0-301F-11D3-BF4B-00C04F79EFBC}") = "VocabularySheet.Maui", "VocabularySheet.Maui\VocabularySheet.Maui.csproj", "{7EDC31F5-9292-4D8A-8667-5049A0FFDA99}"
EndProject
Project("{FAE04EC0-301F-11D3-BF4B-00C04F79EFBC}") = "VocabularySheet.Tests", "VocabularySheet.Tests\VocabularySheet.Tests.csproj", "{04A0DA12-9C1D-4CC0-BD72-0EC3A982EA0E}"
EndProject
Project("{2150E333-8FDC-42A3-9474-1A3956D46DE8}") = "WebSources", "WebSources", "{4CDDEDBE-248E-474F-AB16-8B58F56312B7}"
EndProject
Project("{FAE04EC0-301F-11D3-BF4B-00C04F79EFBC}") = "VocabularySheet.CambridgeDictionary", "VocabularySheet.CambridgeDictionary\VocabularySheet.CambridgeDictionary.csproj", "{8BEE6DF1-BE79-4254-87CB-85855B5ADFA9}"
EndProject
Project("{FAE04EC0-301F-11D3-BF4B-00C04F79EFBC}") = "Sandbox", "Sandbox\Sandbox.csproj", "{F5B1797B-5B16-4367-A46F-648328208908}"
EndProject
Project("{FAE04EC0-301F-11D3-BF4B-00C04F79EFBC}") = "VocabularySheet.Parsing.Common", "VocabularySheet.Parsing.Common\VocabularySheet.Parsing.Common.csproj", "{5B624F12-22EE-43E8-956F-61870AA40AB2}"
EndProject
Global
	GlobalSection(SolutionConfigurationPlatforms) = preSolution
		Debug|Any CPU = Debug|Any CPU
		Release|Any CPU = Release|Any CPU
	EndGlobalSection
	GlobalSection(ProjectConfigurationPlatforms) = postSolution
		{C583DCCF-B33F-4AEF-A792-08CE11933BBD}.Debug|Any CPU.ActiveCfg = Debug|Any CPU
		{C583DCCF-B33F-4AEF-A792-08CE11933BBD}.Debug|Any CPU.Build.0 = Debug|Any CPU
		{C583DCCF-B33F-4AEF-A792-08CE11933BBD}.Release|Any CPU.ActiveCfg = Release|Any CPU
		{C583DCCF-B33F-4AEF-A792-08CE11933BBD}.Release|Any CPU.Build.0 = Release|Any CPU
		{DD1BA2A9-98D1-4F7C-BDD3-3F50E83A62E5}.Debug|Any CPU.ActiveCfg = Debug|Any CPU
		{DD1BA2A9-98D1-4F7C-BDD3-3F50E83A62E5}.Debug|Any CPU.Build.0 = Debug|Any CPU
		{DD1BA2A9-98D1-4F7C-BDD3-3F50E83A62E5}.Release|Any CPU.ActiveCfg = Release|Any CPU
		{DD1BA2A9-98D1-4F7C-BDD3-3F50E83A62E5}.Release|Any CPU.Build.0 = Release|Any CPU
		{A53695D8-30E4-472E-A14B-5194BB8F2A30}.Debug|Any CPU.ActiveCfg = Debug|Any CPU
		{A53695D8-30E4-472E-A14B-5194BB8F2A30}.Debug|Any CPU.Build.0 = Debug|Any CPU
		{A53695D8-30E4-472E-A14B-5194BB8F2A30}.Release|Any CPU.ActiveCfg = Release|Any CPU
		{A53695D8-30E4-472E-A14B-5194BB8F2A30}.Release|Any CPU.Build.0 = Release|Any CPU
		{7EDC31F5-9292-4D8A-8667-5049A0FFDA99}.Debug|Any CPU.ActiveCfg = Debug|Any CPU
		{7EDC31F5-9292-4D8A-8667-5049A0FFDA99}.Debug|Any CPU.Build.0 = Debug|Any CPU
		{7EDC31F5-9292-4D8A-8667-5049A0FFDA99}.Debug|Any CPU.Deploy.0 = Debug|Any CPU
		{7EDC31F5-9292-4D8A-8667-5049A0FFDA99}.Release|Any CPU.ActiveCfg = Release|Any CPU
		{7EDC31F5-9292-4D8A-8667-5049A0FFDA99}.Release|Any CPU.Build.0 = Release|Any CPU
		{7EDC31F5-9292-4D8A-8667-5049A0FFDA99}.Release|Any CPU.Deploy.0 = Release|Any CPU
		{04A0DA12-9C1D-4CC0-BD72-0EC3A982EA0E}.Debug|Any CPU.ActiveCfg = Debug|Any CPU
		{04A0DA12-9C1D-4CC0-BD72-0EC3A982EA0E}.Debug|Any CPU.Build.0 = Debug|Any CPU
		{04A0DA12-9C1D-4CC0-BD72-0EC3A982EA0E}.Release|Any CPU.ActiveCfg = Release|Any CPU
		{04A0DA12-9C1D-4CC0-BD72-0EC3A982EA0E}.Release|Any CPU.Build.0 = Release|Any CPU
		{8BEE6DF1-BE79-4254-87CB-85855B5ADFA9}.Debug|Any CPU.ActiveCfg = Debug|Any CPU
		{8BEE6DF1-BE79-4254-87CB-85855B5ADFA9}.Debug|Any CPU.Build.0 = Debug|Any CPU
		{8BEE6DF1-BE79-4254-87CB-85855B5ADFA9}.Release|Any CPU.ActiveCfg = Release|Any CPU
		{8BEE6DF1-BE79-4254-87CB-85855B5ADFA9}.Release|Any CPU.Build.0 = Release|Any CPU
		{F5B1797B-5B16-4367-A46F-648328208908}.Debug|Any CPU.ActiveCfg = Debug|Any CPU
		{F5B1797B-5B16-4367-A46F-648328208908}.Debug|Any CPU.Build.0 = Debug|Any CPU
		{F5B1797B-5B16-4367-A46F-648328208908}.Release|Any CPU.ActiveCfg = Release|Any CPU
		{F5B1797B-5B16-4367-A46F-648328208908}.Release|Any CPU.Build.0 = Release|Any CPU
		{5B624F12-22EE-43E8-956F-61870AA40AB2}.Debug|Any CPU.ActiveCfg = Debug|Any CPU
		{5B624F12-22EE-43E8-956F-61870AA40AB2}.Debug|Any CPU.Build.0 = Debug|Any CPU
		{5B624F12-22EE-43E8-956F-61870AA40AB2}.Release|Any CPU.ActiveCfg = Release|Any CPU
		{5B624F12-22EE-43E8-956F-61870AA40AB2}.Release|Any CPU.Build.0 = Release|Any CPU
	EndGlobalSection
	GlobalSection(SolutionProperties) = preSolution
		HideSolutionNode = FALSE
	EndGlobalSection
	GlobalSection(ExtensibilityGlobals) = postSolution
										SolutionGuid = {61F7FB11-1E47-470C-91E2-47F8143E1572}
		SolutionGuid = {0B543622-8983-49AE-9922-E9B313640D98}
	EndGlobalSection
	GlobalSection(NestedProjects) = preSolution
		{8BEE6DF1-BE79-4254-87CB-85855B5ADFA9} = {4CDDEDBE-248E-474F-AB16-8B58F56312B7}
		{5B624F12-22EE-43E8-956F-61870AA40AB2} = {4CDDEDBE-248E-474F-AB16-8B58F56312B7}
	EndGlobalSection
EndGlobal
